
Microsoft Visual Studio Solution File, Format Version 12.00
# Visual Studio Version 17
VisualStudioVersion = 17.2.32630.192
MinimumVisualStudioVersion = 10.0.40219.1
Project("{FAE04EC0-301F-11D3-BF4B-00C04F79EFBC}") = "Basic", "Basic\Basic.csproj", "{5C183357-E378-445B-AF03-DE8DC3E56946}"
EndProject
Project("{FAE04EC0-301F-11D3-BF4B-00C04F79EFBC}") = "adcas", "adcas\adcas.csproj", "{E9FDC831-1DF4-4C19-9727-30096F0130E2}"
EndProject
Global
	GlobalSection(SolutionConfigurationPlatforms) = preSolution
		Debug|Any CPU = Debug|Any CPU
		Release|Any CPU = Release|Any CPU
	EndGlobalSection
	GlobalSection(ProjectConfigurationPlatforms) = postSolution
		{5C183357-E378-445B-AF03-DE8DC3E56946}.Debug|Any CPU.ActiveCfg = Debug|Any CPU
		{5C183357-E378-445B-AF03-DE8DC3E56946}.Debug|Any CPU.Build.0 = Debug|Any CPU
		{5C183357-E378-445B-AF03-DE8DC3E56946}.Release|Any CPU.ActiveCfg = Release|Any CPU
		{5C183357-E378-445B-AF03-DE8DC3E56946}.Release|Any CPU.Build.0 = Release|Any CPU
		{E9FDC831-1DF4-4C19-9727-30096F0130E2}.Debug|Any CPU.ActiveCfg = Debug|Any CPU
		{E9FDC831-1DF4-4C19-9727-30096F0130E2}.Debug|Any CPU.Build.0 = Debug|Any CPU
		{E9FDC831-1DF4-4C19-9727-30096F0130E2}.Release|Any CPU.ActiveCfg = Release|Any CPU
		{E9FDC831-1DF4-4C19-9727-30096F0130E2}.Release|Any CPU.Build.0 = Release|Any CPU
	EndGlobalSection
	GlobalSection(SolutionProperties) = preSolution
		HideSolutionNode = FALSE
	EndGlobalSection
	GlobalSection(ExtensibilityGlobals) = postSolution
		SolutionGuid = {E6DE4EB5-5813-4E9C-A0CC-0ABAD115AB07}
	EndGlobalSection
EndGlobal
